{
  "object": {
    "pins": [
      {
        "package": "SwiftDraw",
        "repositoryURL": "https://github.com/swhitty/SwiftDraw.git",
        "state": {
          "branch": null,
          "revision": "e558bda32e3ceb8f29b6f55d99be3f7274011db7",
          "version": "0.8.0"
        }
      }
    ]
  },
  "version": 1
}
